
Microsoft Visual Studio Solution File, Format Version 12.00
Project("{2150E333-8FDC-42A3-9474-1A3956D46DE8}") = "Orms", "Orms", "{60687AA7-C0CF-46E2-8747-E5F2CDAE44AF}"
EndProject
Project("{2150E333-8FDC-42A3-9474-1A3956D46DE8}") = "EfCore", "EfCore", "{EA305B1D-D5BB-498E-8CBF-B6CA54283E93}"
EndProject
Project("{2150E333-8FDC-42A3-9474-1A3956D46DE8}") = "ContextConfiguration", "ContextConfiguration", "{43EF1477-8710-4E4D-B58C-BDE74D8D5C11}"
EndProject
Project("{FAE04EC0-301F-11D3-BF4B-00C04F79EFBC}") = "EfCore.ContextConfiguration.Approaches", "EfCore.ContextConfiguration.Approaches\EfCore.ContextConfiguration.Approaches.csproj", "{2FF14713-4447-4183-BC89-20B127FE30E1}"
EndProject
Project("{2150E333-8FDC-42A3-9474-1A3956D46DE8}") = "EntityRelations", "EntityRelations", "{55FAAC19-F3FA-41C7-9AFF-F860E4BE8531}"
EndProject
Project("{FAE04EC0-301F-11D3-BF4B-00C04F79EFBC}") = "EntityRelations.ApproachesA", "EntityRelations.ApproachesA\EntityRelations.ApproachesA.csproj", "{4C11320C-FA51-439A-98DC-DAAF7F87B92D}"
EndProject
Project("{FAE04EC0-301F-11D3-BF4B-00C04F79EFBC}") = "EntityRelations.ApproachesB", "EntityRelations.ApproachesB\EntityRelations.ApproachesB.csproj", "{8667AEB7-25F6-430C-8E7F-FE82AC031276}"
EndProject
Project("{FAE04EC0-301F-11D3-BF4B-00C04F79EFBC}") = "EntityRelations.ApproachesC", "EntityRelations.ApproachesC\EntityRelations.ApproachesC.csproj", "{90A01907-86A4-45DF-AEFC-C23BFFFE8617}"
EndProject
Project("{FAE04EC0-301F-11D3-BF4B-00C04F79EFBC}") = "EntityRelations.ApproachesD", "EntityRelations.ApproachesD\EntityRelations.ApproachesD.csproj", "{5F011D79-4BE6-49BF-88C1-8AFA5192D295}"
EndProject
Project("{FAE04EC0-301F-11D3-BF4B-00C04F79EFBC}") = "EntityRelations.ApproachesE", "EntityRelations.ApproachesE\EntityRelations.ApproachesE.csproj", "{523927D9-0463-47C4-A6DE-126366409877}"
EndProject
Project("{FAE04EC0-301F-11D3-BF4B-00C04F79EFBC}") = "EntityRelations.ApproachesF", "EntityRelations.ApproachesF\EntityRelations.ApproachesF.csproj", "{CBD9A595-3077-4109-A63E-9DFAFF12EAC6}"
EndProject
Project("{FAE04EC0-301F-11D3-BF4B-00C04F79EFBC}") = "EntityRelations.ApproachesG", "EntityRelations.ApproachesG\EntityRelations.ApproachesG.csproj", "{121856C7-1267-4848-9E8C-CEF4247BE164}"
EndProject
Project("{FAE04EC0-301F-11D3-BF4B-00C04F79EFBC}") = "EntityRelations.ApproachesH", "EntityRelations.ApproachesH\EntityRelations.ApproachesH.csproj", "{9C281240-B962-4E25-9210-A46340277ADF}"
EndProject
Project("{FAE04EC0-301F-11D3-BF4B-00C04F79EFBC}") = "EntityRelations.ApproachesI", "EntityRelations.ApproachesI\EntityRelations.ApproachesI.csproj", "{EEBD241C-725E-41FE-9085-E8E4682DC6DA}"
EndProject
Project("{FAE04EC0-301F-11D3-BF4B-00C04F79EFBC}") = "EntityRelations.ApproachesJ", "EntityRelations.ApproachesJ\EntityRelations.ApproachesJ.csproj", "{A4947C3A-F5F0-440F-AB58-3CCF5F3CB21B}"
EndProject
Project("{FAE04EC0-301F-11D3-BF4B-00C04F79EFBC}") = "EntityRelations.ApproachesK", "EntityRelations.ApproachesK\EntityRelations.ApproachesK.csproj", "{5A8D7E62-627E-4337-8673-5A8497E8ACD0}"
EndProject
Global
	GlobalSection(SolutionConfigurationPlatforms) = preSolution
		Debug|Any CPU = Debug|Any CPU
		Release|Any CPU = Release|Any CPU
	EndGlobalSection
	GlobalSection(NestedProjects) = preSolution
		{EA305B1D-D5BB-498E-8CBF-B6CA54283E93} = {60687AA7-C0CF-46E2-8747-E5F2CDAE44AF}
		{43EF1477-8710-4E4D-B58C-BDE74D8D5C11} = {EA305B1D-D5BB-498E-8CBF-B6CA54283E93}
		{2FF14713-4447-4183-BC89-20B127FE30E1} = {43EF1477-8710-4E4D-B58C-BDE74D8D5C11}
		{55FAAC19-F3FA-41C7-9AFF-F860E4BE8531} = {EA305B1D-D5BB-498E-8CBF-B6CA54283E93}
		{4C11320C-FA51-439A-98DC-DAAF7F87B92D} = {55FAAC19-F3FA-41C7-9AFF-F860E4BE8531}
		{8667AEB7-25F6-430C-8E7F-FE82AC031276} = {55FAAC19-F3FA-41C7-9AFF-F860E4BE8531}
		{90A01907-86A4-45DF-AEFC-C23BFFFE8617} = {55FAAC19-F3FA-41C7-9AFF-F860E4BE8531}
		{5F011D79-4BE6-49BF-88C1-8AFA5192D295} = {55FAAC19-F3FA-41C7-9AFF-F860E4BE8531}
		{523927D9-0463-47C4-A6DE-126366409877} = {55FAAC19-F3FA-41C7-9AFF-F860E4BE8531}
		{CBD9A595-3077-4109-A63E-9DFAFF12EAC6} = {55FAAC19-F3FA-41C7-9AFF-F860E4BE8531}
		{121856C7-1267-4848-9E8C-CEF4247BE164} = {55FAAC19-F3FA-41C7-9AFF-F860E4BE8531}
		{9C281240-B962-4E25-9210-A46340277ADF} = {55FAAC19-F3FA-41C7-9AFF-F860E4BE8531}
		{EEBD241C-725E-41FE-9085-E8E4682DC6DA} = {55FAAC19-F3FA-41C7-9AFF-F860E4BE8531}
		{A4947C3A-F5F0-440F-AB58-3CCF5F3CB21B} = {55FAAC19-F3FA-41C7-9AFF-F860E4BE8531}
		{5A8D7E62-627E-4337-8673-5A8497E8ACD0} = {55FAAC19-F3FA-41C7-9AFF-F860E4BE8531}
	EndGlobalSection
	GlobalSection(ProjectConfigurationPlatforms) = postSolution
		{2FF14713-4447-4183-BC89-20B127FE30E1}.Debug|Any CPU.ActiveCfg = Debug|Any CPU
		{2FF14713-4447-4183-BC89-20B127FE30E1}.Debug|Any CPU.Build.0 = Debug|Any CPU
		{2FF14713-4447-4183-BC89-20B127FE30E1}.Release|Any CPU.ActiveCfg = Release|Any CPU
		{2FF14713-4447-4183-BC89-20B127FE30E1}.Release|Any CPU.Build.0 = Release|Any CPU
		{4C11320C-FA51-439A-98DC-DAAF7F87B92D}.Debug|Any CPU.ActiveCfg = Debug|Any CPU
		{4C11320C-FA51-439A-98DC-DAAF7F87B92D}.Debug|Any CPU.Build.0 = Debug|Any CPU
		{4C11320C-FA51-439A-98DC-DAAF7F87B92D}.Release|Any CPU.ActiveCfg = Release|Any CPU
		{4C11320C-FA51-439A-98DC-DAAF7F87B92D}.Release|Any CPU.Build.0 = Release|Any CPU
		{8667AEB7-25F6-430C-8E7F-FE82AC031276}.Debug|Any CPU.ActiveCfg = Debug|Any CPU
		{8667AEB7-25F6-430C-8E7F-FE82AC031276}.Debug|Any CPU.Build.0 = Debug|Any CPU
		{8667AEB7-25F6-430C-8E7F-FE82AC031276}.Release|Any CPU.ActiveCfg = Release|Any CPU
		{8667AEB7-25F6-430C-8E7F-FE82AC031276}.Release|Any CPU.Build.0 = Release|Any CPU
		{90A01907-86A4-45DF-AEFC-C23BFFFE8617}.Debug|Any CPU.ActiveCfg = Debug|Any CPU
		{90A01907-86A4-45DF-AEFC-C23BFFFE8617}.Debug|Any CPU.Build.0 = Debug|Any CPU
		{90A01907-86A4-45DF-AEFC-C23BFFFE8617}.Release|Any CPU.ActiveCfg = Release|Any CPU
		{90A01907-86A4-45DF-AEFC-C23BFFFE8617}.Release|Any CPU.Build.0 = Release|Any CPU
		{5F011D79-4BE6-49BF-88C1-8AFA5192D295}.Debug|Any CPU.ActiveCfg = Debug|Any CPU
		{5F011D79-4BE6-49BF-88C1-8AFA5192D295}.Debug|Any CPU.Build.0 = Debug|Any CPU
		{5F011D79-4BE6-49BF-88C1-8AFA5192D295}.Release|Any CPU.ActiveCfg = Release|Any CPU
		{5F011D79-4BE6-49BF-88C1-8AFA5192D295}.Release|Any CPU.Build.0 = Release|Any CPU
		{523927D9-0463-47C4-A6DE-126366409877}.Debug|Any CPU.ActiveCfg = Debug|Any CPU
		{523927D9-0463-47C4-A6DE-126366409877}.Debug|Any CPU.Build.0 = Debug|Any CPU
		{523927D9-0463-47C4-A6DE-126366409877}.Release|Any CPU.ActiveCfg = Release|Any CPU
		{523927D9-0463-47C4-A6DE-126366409877}.Release|Any CPU.Build.0 = Release|Any CPU
		{CBD9A595-3077-4109-A63E-9DFAFF12EAC6}.Debug|Any CPU.ActiveCfg = Debug|Any CPU
		{CBD9A595-3077-4109-A63E-9DFAFF12EAC6}.Debug|Any CPU.Build.0 = Debug|Any CPU
		{CBD9A595-3077-4109-A63E-9DFAFF12EAC6}.Release|Any CPU.ActiveCfg = Release|Any CPU
		{CBD9A595-3077-4109-A63E-9DFAFF12EAC6}.Release|Any CPU.Build.0 = Release|Any CPU
		{121856C7-1267-4848-9E8C-CEF4247BE164}.Debug|Any CPU.ActiveCfg = Debug|Any CPU
		{121856C7-1267-4848-9E8C-CEF4247BE164}.Debug|Any CPU.Build.0 = Debug|Any CPU
		{121856C7-1267-4848-9E8C-CEF4247BE164}.Release|Any CPU.ActiveCfg = Release|Any CPU
		{121856C7-1267-4848-9E8C-CEF4247BE164}.Release|Any CPU.Build.0 = Release|Any CPU
		{9C281240-B962-4E25-9210-A46340277ADF}.Debug|Any CPU.ActiveCfg = Debug|Any CPU
		{9C281240-B962-4E25-9210-A46340277ADF}.Debug|Any CPU.Build.0 = Debug|Any CPU
		{9C281240-B962-4E25-9210-A46340277ADF}.Release|Any CPU.ActiveCfg = Release|Any CPU
		{9C281240-B962-4E25-9210-A46340277ADF}.Release|Any CPU.Build.0 = Release|Any CPU
		{EEBD241C-725E-41FE-9085-E8E4682DC6DA}.Debug|Any CPU.ActiveCfg = Debug|Any CPU
		{EEBD241C-725E-41FE-9085-E8E4682DC6DA}.Debug|Any CPU.Build.0 = Debug|Any CPU
		{EEBD241C-725E-41FE-9085-E8E4682DC6DA}.Release|Any CPU.ActiveCfg = Release|Any CPU
		{EEBD241C-725E-41FE-9085-E8E4682DC6DA}.Release|Any CPU.Build.0 = Release|Any CPU
		{A4947C3A-F5F0-440F-AB58-3CCF5F3CB21B}.Debug|Any CPU.ActiveCfg = Debug|Any CPU
		{A4947C3A-F5F0-440F-AB58-3CCF5F3CB21B}.Debug|Any CPU.Build.0 = Debug|Any CPU
		{A4947C3A-F5F0-440F-AB58-3CCF5F3CB21B}.Release|Any CPU.ActiveCfg = Release|Any CPU
		{A4947C3A-F5F0-440F-AB58-3CCF5F3CB21B}.Release|Any CPU.Build.0 = Release|Any CPU
		{5A8D7E62-627E-4337-8673-5A8497E8ACD0}.Debug|Any CPU.ActiveCfg = Debug|Any CPU
		{5A8D7E62-627E-4337-8673-5A8497E8ACD0}.Debug|Any CPU.Build.0 = Debug|Any CPU
		{5A8D7E62-627E-4337-8673-5A8497E8ACD0}.Release|Any CPU.ActiveCfg = Release|Any CPU
		{5A8D7E62-627E-4337-8673-5A8497E8ACD0}.Release|Any CPU.Build.0 = Release|Any CPU
	EndGlobalSection
EndGlobal
